// !$*UTF8*$!
{
	archiveVersion = 1;
	classes = {
	};
	objectVersion = 46;
	objects = {

/* Begin PBXBuildFile section */
		9F5E83011A0ED97A0005AE30 /* AppDelegate.swift in Sources */ = {isa = PBXBuildFile; fileRef = 9F5E83001A0ED97A0005AE30 /* AppDelegate.swift */; };
		9F5E83031A0ED97A0005AE30 /* ViewController.swift in Sources */ = {isa = PBXBuildFile; fileRef = 9F5E83021A0ED97A0005AE30 /* ViewController.swift */; };
		9F5E83061A0ED97A0005AE30 /* Main.storyboard in Resources */ = {isa = PBXBuildFile; fileRef = 9F5E83041A0ED97A0005AE30 /* Main.storyboard */; };
		9F5E83081A0ED97A0005AE30 /* Images.xcassets in Resources */ = {isa = PBXBuildFile; fileRef = 9F5E83071A0ED97A0005AE30 /* Images.xcassets */; };
		9F5E830B1A0ED97A0005AE30 /* LaunchScreen.xib in Resources */ = {isa = PBXBuildFile; fileRef = 9F5E83091A0ED97A0005AE30 /* LaunchScreen.xib */; };
		9F5E83171A0ED97A0005AE30 /* ShapesOnAPhone2Tests.swift in Sources */ = {isa = PBXBuildFile; fileRef = 9F5E83161A0ED97A0005AE30 /* ShapesOnAPhone2Tests.swift */; };
		9F5E83211A0EDA3E0005AE30 /* Canvas.swift in Sources */ = {isa = PBXBuildFile; fileRef = 9F5E83201A0EDA3E0005AE30 /* Canvas.swift */; };
		9F5E83231A0EDAD40005AE30 /* Shape.swift in Sources */ = {isa = PBXBuildFile; fileRef = 9F5E83221A0EDAD40005AE30 /* Shape.swift */; };
		9F5E83251A0EDBC60005AE30 /* Rectangle.swift in Sources */ = {isa = PBXBuildFile; fileRef = 9F5E83241A0EDBC60005AE30 /* Rectangle.swift */; };
		9F5E83271A0EE3A10005AE30 /* Square.swift in Sources */ = {isa = PBXBuildFile; fileRef = 9F5E83261A0EE3A10005AE30 /* Square.swift */; };
		9F5E832B1A0EF4010005AE30 /* Triangle.swift in Sources */ = {isa = PBXBuildFile; fileRef = 9F5E832A1A0EF4010005AE30 /* Triangle.swift */; };
		9F5E832D1A0EF7610005AE30 /* Circle.swift in Sources */ = {isa = PBXBuildFile; fileRef = 9F5E832C1A0EF7610005AE30 /* Circle.swift */; };
		9F74D9CD1A10375300A3FC36 /* Polygon.swift in Sources */ = {isa = PBXBuildFile; fileRef = 9F74D9CC1A10375300A3FC36 /* Polygon.swift */; };
/* End PBXBuildFile section */

/* Begin PBXContainerItemProxy section */
		9F5E83111A0ED97A0005AE30 /* PBXContainerItemProxy */ = {
			isa = PBXContainerItemProxy;
			containerPortal = 9F5E82F31A0ED97A0005AE30 /* Project object */;
			proxyType = 1;
			remoteGlobalIDString = 9F5E82FA1A0ED97A0005AE30;
			remoteInfo = ShapesOnAPhone2;
		};
/* End PBXContainerItemProxy section */

/* Begin PBXFileReference section */
		9F5E82FB1A0ED97A0005AE30 /* ShapesOnAPhone2.app */ = {isa = PBXFileReference; explicitFileType = wrapper.application; includeInIndex = 0; path = ShapesOnAPhone2.app; sourceTree = BUILT_PRODUCTS_DIR; };
		9F5E82FF1A0ED97A0005AE30 /* Info.plist */ = {isa = PBXFileReference; lastKnownFileType = text.plist.xml; path = Info.plist; sourceTree = "<group>"; };
		9F5E83001A0ED97A0005AE30 /* AppDelegate.swift */ = {isa = PBXFileReference; lastKnownFileType = sourcecode.swift; path = AppDelegate.swift; sourceTree = "<group>"; };
		9F5E83021A0ED97A0005AE30 /* ViewController.swift */ = {isa = PBXFileReference; lastKnownFileType = sourcecode.swift; path = ViewController.swift; sourceTree = "<group>"; };
		9F5E83051A0ED97A0005AE30 /* Base */ = {isa = PBXFileReference; lastKnownFileType = file.storyboard; name = Base; path = Base.lproj/Main.storyboard; sourceTree = "<group>"; };
		9F5E83071A0ED97A0005AE30 /* Images.xcassets */ = {isa = PBXFileReference; lastKnownFileType = folder.assetcatalog; path = Images.xcassets; sourceTree = "<group>"; };
		9F5E830A1A0ED97A0005AE30 /* Base */ = {isa = PBXFileReference; lastKnownFileType = file.xib; name = Base; path = Base.lproj/LaunchScreen.xib; sourceTree = "<group>"; };
		9F5E83101A0ED97A0005AE30 /* ShapesOnAPhone2Tests.xctest */ = {isa = PBXFileReference; explicitFileType = wrapper.cfbundle; includeInIndex = 0; path = ShapesOnAPhone2Tests.xctest; sourceTree = BUILT_PRODUCTS_DIR; };
		9F5E83151A0ED97A0005AE30 /* Info.plist */ = {isa = PBXFileReference; lastKnownFileType = text.plist.xml; path = Info.plist; sourceTree = "<group>"; };
		9F5E83161A0ED97A0005AE30 /* ShapesOnAPhone2Tests.swift */ = {isa = PBXFileReference; lastKnownFileType = sourcecode.swift; path = ShapesOnAPhone2Tests.swift; sourceTree = "<group>"; };
		9F5E83201A0EDA3E0005AE30 /* Canvas.swift */ = {isa = PBXFileReference; fileEncoding = 4; lastKnownFileType = sourcecode.swift; path = Canvas.swift; sourceTree = "<group>"; };
		9F5E83221A0EDAD40005AE30 /* Shape.swift */ = {isa = PBXFileReference; fileEncoding = 4; lastKnownFileType = sourcecode.swift; path = Shape.swift; sourceTree = "<group>"; };
		9F5E83241A0EDBC60005AE30 /* Rectangle.swift */ = {isa = PBXFileReference; fileEncoding = 4; lastKnownFileType = sourcecode.swift; path = Rectangle.swift; sourceTree = "<group>"; };
		9F5E83261A0EE3A10005AE30 /* Square.swift */ = {isa = PBXFileReference; fileEncoding = 4; lastKnownFileType = sourcecode.swift; path = Square.swift; sourceTree = "<group>"; };
		9F5E832A1A0EF4010005AE30 /* Triangle.swift */ = {isa = PBXFileReference; fileEncoding = 4; lastKnownFileType = sourcecode.swift; path = Triangle.swift; sourceTree = "<group>"; };
		9F5E832C1A0EF7610005AE30 /* Circle.swift */ = {isa = PBXFileReference; fileEncoding = 4; lastKnownFileType = sourcecode.swift; path = Circle.swift; sourceTree = "<group>"; };
		9F74D9CC1A10375300A3FC36 /* Polygon.swift */ = {isa = PBXFileReference; fileEncoding = 4; lastKnownFileType = sourcecode.swift; path = Polygon.swift; sourceTree = "<group>"; };
/* End PBXFileReference section */

/* Begin PBXFrameworksBuildPhase section */
		9F5E82F81A0ED97A0005AE30 /* Frameworks */ = {
			isa = PBXFrameworksBuildPhase;
			buildActionMask = 2147483647;
			files = (
			);
			runOnlyForDeploymentPostprocessing = 0;
		};
		9F5E830D1A0ED97A0005AE30 /* Frameworks */ = {
			isa = PBXFrameworksBuildPhase;
			buildActionMask = 2147483647;
			files = (
			);
			runOnlyForDeploymentPostprocessing = 0;
		};
/* End PBXFrameworksBuildPhase section */

/* Begin PBXGroup section */
		9F5E82F21A0ED97A0005AE30 = {
			isa = PBXGroup;
			children = (
				9F5E82FD1A0ED97A0005AE30 /* ShapesOnAPhone2 */,
				9F5E83131A0ED97A0005AE30 /* ShapesOnAPhone2Tests */,
				9F5E82FC1A0ED97A0005AE30 /* Products */,
			);
			sourceTree = "<group>";
		};
		9F5E82FC1A0ED97A0005AE30 /* Products */ = {
			isa = PBXGroup;
			children = (
				9F5E82FB1A0ED97A0005AE30 /* ShapesOnAPhone2.app */,
				9F5E83101A0ED97A0005AE30 /* ShapesOnAPhone2Tests.xctest */,
			);
			name = Products;
			sourceTree = "<group>";
		};
		9F5E82FD1A0ED97A0005AE30 /* ShapesOnAPhone2 */ = {
			isa = PBXGroup;
			children = (
				9F5E83001A0ED97A0005AE30 /* AppDelegate.swift */,
				9F5E83021A0ED97A0005AE30 /* ViewController.swift */,
				9F5E83201A0EDA3E0005AE30 /* Canvas.swift */,
				9F5E83221A0EDAD40005AE30 /* Shape.swift */,
				9F5E83241A0EDBC60005AE30 /* Rectangle.swift */,
				9F5E83261A0EE3A10005AE30 /* Square.swift */,
				9F74D9CC1A10375300A3FC36 /* Polygon.swift */,
				9F5E832A1A0EF4010005AE30 /* Triangle.swift */,
				9F5E832C1A0EF7610005AE30 /* Circle.swift */,
				9F5E83041A0ED97A0005AE30 /* Main.storyboard */,
				9F5E83071A0ED97A0005AE30 /* Images.xcassets */,
				9F5E83091A0ED97A0005AE30 /* LaunchScreen.xib */,
				9F5E82FE1A0ED97A0005AE30 /* Supporting Files */,
			);
			path = ShapesOnAPhone2;
			sourceTree = "<group>";
		};
		9F5E82FE1A0ED97A0005AE30 /* Supporting Files */ = {
			isa = PBXGroup;
			children = (
				9F5E82FF1A0ED97A0005AE30 /* Info.plist */,
			);
			name = "Supporting Files";
			sourceTree = "<group>";
		};
		9F5E83131A0ED97A0005AE30 /* ShapesOnAPhone2Tests */ = {
			isa = PBXGroup;
			children = (
				9F5E83161A0ED97A0005AE30 /* ShapesOnAPhone2Tests.swift */,
				9F5E83141A0ED97A0005AE30 /* Supporting Files */,
			);
			path = ShapesOnAPhone2Tests;
			sourceTree = "<group>";
		};
		9F5E83141A0ED97A0005AE30 /* Supporting Files */ = {
			isa = PBXGroup;
			children = (
				9F5E83151A0ED97A0005AE30 /* Info.plist */,
			);
			name = "Supporting Files";
			sourceTree = "<group>";
		};
/* End PBXGroup section */

/* Begin PBXNativeTarget section */
		9F5E82FA1A0ED97A0005AE30 /* ShapesOnAPhone2 */ = {
			isa = PBXNativeTarget;
			buildConfigurationList = 9F5E831A1A0ED97A0005AE30 /* Build configuration list for PBXNativeTarget "ShapesOnAPhone2" */;
			buildPhases = (
				9F5E82F71A0ED97A0005AE30 /* Sources */,
				9F5E82F81A0ED97A0005AE30 /* Frameworks */,
				9F5E82F91A0ED97A0005AE30 /* Resources */,
			);
			buildRules = (
			);
			dependencies = (
			);
			name = ShapesOnAPhone2;
			productName = ShapesOnAPhone2;
			productReference = 9F5E82FB1A0ED97A0005AE30 /* ShapesOnAPhone2.app */;
			productType = "com.apple.product-type.application";
		};
		9F5E830F1A0ED97A0005AE30 /* ShapesOnAPhone2Tests */ = {
			isa = PBXNativeTarget;
			buildConfigurationList = 9F5E831D1A0ED97A0005AE30 /* Build configuration list for PBXNativeTarget "ShapesOnAPhone2Tests" */;
			buildPhases = (
				9F5E830C1A0ED97A0005AE30 /* Sources */,
				9F5E830D1A0ED97A0005AE30 /* Frameworks */,
				9F5E830E1A0ED97A0005AE30 /* Resources */,
			);
			buildRules = (
			);
			dependencies = (
				9F5E83121A0ED97A0005AE30 /* PBXTargetDependency */,
			);
			name = ShapesOnAPhone2Tests;
			productName = ShapesOnAPhone2Tests;
			productReference = 9F5E83101A0ED97A0005AE30 /* ShapesOnAPhone2Tests.xctest */;
			productType = "com.apple.product-type.bundle.unit-test";
		};
/* End PBXNativeTarget section */

/* Begin PBXProject section */
		9F5E82F31A0ED97A0005AE30 /* Project object */ = {
			isa = PBXProject;
			attributes = {
				LastSwiftMigration = 0700;
				LastSwiftUpdateCheck = 0700;
				LastUpgradeCheck = 0700;
				ORGANIZATIONNAME = "Eric Knapp";
				TargetAttributes = {
					9F5E82FA1A0ED97A0005AE30 = {
						CreatedOnToolsVersion = 6.1;
					};
					9F5E830F1A0ED97A0005AE30 = {
						CreatedOnToolsVersion = 6.1;
						TestTargetID = 9F5E82FA1A0ED97A0005AE30;
					};
				};
			};
			buildConfigurationList = 9F5E82F61A0ED97A0005AE30 /* Build configuration list for PBXProject "ShapesOnAPhone2" */;
			compatibilityVersion = "Xcode 3.2";
			developmentRegion = English;
			hasScannedForEncodings = 0;
			knownRegions = (
				en,
				Base,
			);
			mainGroup = 9F5E82F21A0ED97A0005AE30;
			productRefGroup = 9F5E82FC1A0ED97A0005AE30 /* Products */;
			projectDirPath = "";
			projectRoot = "";
			targets = (
				9F5E82FA1A0ED97A0005AE30 /* ShapesOnAPhone2 */,
				9F5E830F1A0ED97A0005AE30 /* ShapesOnAPhone2Tests */,
			);
		};
/* End PBXProject section */

/* Begin PBXResourcesBuildPhase section */
		9F5E82F91A0ED97A0005AE30 /* Resources */ = {
			isa = PBXResourcesBuildPhase;
			buildActionMask = 2147483647;
			files = (
				9F5E83061A0ED97A0005AE30 /* Main.storyboard in Resources */,
				9F5E830B1A0ED97A0005AE30 /* LaunchScreen.xib in Resources */,
				9F5E83081A0ED97A0005AE30 /* Images.xcassets in Resources */,
			);
			runOnlyForDeploymentPostprocessing = 0;
		};
		9F5E830E1A0ED97A0005AE30 /* Resources */ = {
			isa = PBXResourcesBuildPhase;
			buildActionMask = 2147483647;
			files = (
			);
			runOnlyForDeploymentPostprocessing = 0;
		};
/* End PBXResourcesBuildPhase section */

/* Begin PBXSourcesBuildPhase section */
		9F5E82F71A0ED97A0005AE30 /* Sources */ = {
			isa = PBXSourcesBuildPhase;
			buildActionMask = 2147483647;
			files = (
				9F5E83271A0EE3A10005AE30 /* Square.swift in Sources */,
				9F5E832D1A0EF7610005AE30 /* Circle.swift in Sources */,
				9F5E83251A0EDBC60005AE30 /* Rectangle.swift in Sources */,
				9F5E83031A0ED97A0005AE30 /* ViewController.swift in Sources */,
				9F5E83011A0ED97A0005AE30 /* AppDelegate.swift in Sources */,
				9F74D9CD1A10375300A3FC36 /* Polygon.swift in Sources */,
				9F5E83211A0EDA3E0005AE30 /* Canvas.swift in Sources */,
				9F5E832B1A0EF4010005AE30 /* Triangle.swift in Sources */,
				9F5E83231A0EDAD40005AE30 /* Shape.swift in Sources */,
			);
			runOnlyForDeploymentPostprocessing = 0;
		};
		9F5E830C1A0ED97A0005AE30 /* Sources */ = {
			isa = PBXSourcesBuildPhase;
			buildActionMask = 2147483647;
			files = (
				9F5E83171A0ED97A0005AE30 /* ShapesOnAPhone2Tests.swift in Sources */,
			);
			runOnlyForDeploymentPostprocessing = 0;
		};
/* End PBXSourcesBuildPhase section */

/* Begin PBXTargetDependency section */
		9F5E83121A0ED97A0005AE30 /* PBXTargetDependency */ = {
			isa = PBXTargetDependency;
			target = 9F5E82FA1A0ED97A0005AE30 /* ShapesOnAPhone2 */;
			targetProxy = 9F5E83111A0ED97A0005AE30 /* PBXContainerItemProxy */;
		};
/* End PBXTargetDependency section */

/* Begin PBXVariantGroup section */
		9F5E83041A0ED97A0005AE30 /* Main.storyboard */ = {
			isa = PBXVariantGroup;
			children = (
				9F5E83051A0ED97A0005AE30 /* Base */,
			);
			name = Main.storyboard;
			sourceTree = "<group>";
		};
		9F5E83091A0ED97A0005AE30 /* LaunchScreen.xib */ = {
			isa = PBXVariantGroup;
			children = (
				9F5E830A1A0ED97A0005AE30 /* Base */,
			);
			name = LaunchScreen.xib;
			sourceTree = "<group>";
		};
/* End PBXVariantGroup section */

/* Begin XCBuildConfiguration section */
		9F5E83181A0ED97A0005AE30 /* Debug */ = {
			isa = XCBuildConfiguration;
			buildSettings = {
				ALWAYS_SEARCH_USER_PATHS = NO;
				CLANG_CXX_LANGUAGE_STANDARD = "gnu++0x";
				CLANG_CXX_LIBRARY = "libc++";
				CLANG_ENABLE_MODULES = YES;
				CLANG_ENABLE_OBJC_ARC = YES;
				CLANG_WARN_BOOL_CONVERSION = YES;
				CLANG_WARN_CONSTANT_CONVERSION = YES;
				CLANG_WARN_DIRECT_OBJC_ISA_USAGE = YES_ERROR;
				CLANG_WARN_EMPTY_BODY = YES;
				CLANG_WARN_ENUM_CONVERSION = YES;
				CLANG_WARN_INT_CONVERSION = YES;
				CLANG_WARN_OBJC_ROOT_CLASS = YES_ERROR;
				CLANG_WARN_UNREACHABLE_CODE = YES;
				CLANG_WARN__DUPLICATE_METHOD_MATCH = YES;
				"CODE_SIGN_IDENTITY[sdk=iphoneos*]" = "iPhone Developer";
				COPY_PHASE_STRIP = NO;
				ENABLE_STRICT_OBJC_MSGSEND = YES;
				ENABLE_TESTABILITY = YES;
				GCC_C_LANGUAGE_STANDARD = gnu99;
				GCC_DYNAMIC_NO_PIC = NO;
				GCC_OPTIMIZATION_LEVEL = 0;
				GCC_PREPROCESSOR_DEFINITIONS = (
					"DEBUG=1",
					"$(inherited)",
				);
				GCC_SYMBOLS_PRIVATE_EXTERN = NO;
				GCC_WARN_64_TO_32_BIT_CONVERSION = YES;
				GCC_WARN_ABOUT_RETURN_TYPE = YES_ERROR;
				GCC_WARN_UNDECLARED_SELECTOR = YES;
				GCC_WARN_UNINITIALIZED_AUTOS = YES_AGGRESSIVE;
				GCC_WARN_UNUSED_FUNCTION = YES;
				GCC_WARN_UNUSED_VARIABLE = YES;
				IPHONEOS_DEPLOYMENT_TARGET = 8.4;
				MTL_ENABLE_DEBUG_INFO = YES;
				ONLY_ACTIVE_ARCH = YES;
				SDKROOT = iphoneos;
				SWIFT_OPTIMIZATION_LEVEL = "-Onone";
			};
			name = Debug;
		};
		9F5E83191A0ED97A0005AE30 /* Release */ = {
			isa = XCBuildConfiguration;
			buildSettings = {
				ALWAYS_SEARCH_USER_PATHS = NO;
				CLANG_CXX_LANGUAGE_STANDARD = "gnu++0x";
				CLANG_CXX_LIBRARY = "libc++";
				CLANG_ENABLE_MODULES = YES;
				CLANG_ENABLE_OBJC_ARC = YES;
				CLANG_WARN_BOOL_CONVERSION = YES;
				CLANG_WARN_CONSTANT_CONVERSION = YES;
				CLANG_WARN_DIRECT_OBJC_ISA_USAGE = YES_ERROR;
				CLANG_WARN_EMPTY_BODY = YES;
				CLANG_WARN_ENUM_CONVERSION = YES;
				CLANG_WARN_INT_CONVERSION = YES;
				CLANG_WARN_OBJC_ROOT_CLASS = YES_ERROR;
				CLANG_WARN_UNREACHABLE_CODE = YES;
				CLANG_WARN__DUPLICATE_METHOD_MATCH = YES;
				"CODE_SIGN_IDENTITY[sdk=iphoneos*]" = "iPhone Developer";
				COPY_PHASE_STRIP = YES;
				ENABLE_NS_ASSERTIONS = NO;
				ENABLE_STRICT_OBJC_MSGSEND = YES;
				GCC_C_LANGUAGE_STANDARD = gnu99;
				GCC_WARN_64_TO_32_BIT_CONVERSION = YES;
				GCC_WARN_ABOUT_RETURN_TYPE = YES_ERROR;
				GCC_WARN_UNDECLARED_SELECTOR = YES;
				GCC_WARN_UNINITIALIZED_AUTOS = YES_AGGRESSIVE;
				GCC_WARN_UNUSED_FUNCTION = YES;
				GCC_WARN_UNUSED_VARIABLE = YES;
				IPHONEOS_DEPLOYMENT_TARGET = 8.4;
				MTL_ENABLE_DEBUG_INFO = NO;
				SDKROOT = iphoneos;
				VALIDATE_PRODUCT = YES;
			};
			name = Release;
		};
		9F5E831B1A0ED97A0005AE30 /* Debug */ = {
			isa = XCBuildConfiguration;
			buildSettings = {
				ASSETCATALOG_COMPILER_APPICON_NAME = AppIcon;
				INFOPLIST_FILE = ShapesOnAPhone2/Info.plist;
				LD_RUNPATH_SEARCH_PATHS = "$(inherited) @executable_path/Frameworks";
				PRODUCT_BUNDLE_IDENTIFIER = "com.ericjknapp.$(PRODUCT_NAME:rfc1034identifier)";
				PRODUCT_NAME = "$(TARGET_NAME)";
			};
			name = Debug;
		};
		9F5E831C1A0ED97A0005AE30 /* Release */ = {
			isa = XCBuildConfiguration;
			buildSettings = {
				ASSETCATALOG_COMPILER_APPICON_NAME = AppIcon;
				INFOPLIST_FILE = ShapesOnAPhone2/Info.plist;
				LD_RUNPATH_SEARCH_PATHS = "$(inherited) @executable_path/Frameworks";
				PRODUCT_BUNDLE_IDENTIFIER = "com.ericjknapp.$(PRODUCT_NAME:rfc1034identifier)";
				PRODUCT_NAME = "$(TARGET_NAME)";
			};
			name = Release;
		};
		9F5E831E1A0ED97A0005AE30 /* Debug */ = {
			isa = XCBuildConfiguration;
			buildSettings = {
				BUNDLE_LOADER = "$(TEST_HOST)";
				FRAMEWORK_SEARCH_PATHS = (
					"$(SDKROOT)/Developer/Library/Frameworks",
					"$(inherited)",
				);
				GCC_PREPROCESSOR_DEFINITIONS = (
					"DEBUG=1",
					"$(inherited)",
				);
				INFOPLIST_FILE = ShapesOnAPhone2Tests/Info.plist;
				LD_RUNPATH_SEARCH_PATHS = "$(inherited) @executable_path/Frameworks @loader_path/Frameworks";
				PRODUCT_BUNDLE_IDENTIFIER = "com.ericjknapp.$(PRODUCT_NAME:rfc1034identifier)";
				PRODUCT_NAME = "$(TARGET_NAME)";
				TEST_HOST = "$(BUILT_PRODUCTS_DIR)/ShapesOnAPhone2.app/ShapesOnAPhone2";
			};
			name = Debug;
		};
		9F5E831F1A0ED97A0005AE30 /* Release */ = {
			isa = XCBuildConfiguration;
			buildSettings = {
				BUNDLE_LOADER = "$(TEST_HOST)";
				FRAMEWORK_SEARCH_PATHS = (
					"$(SDKROOT)/Developer/Library/Frameworks",
					"$(inherited)",
				);
				INFOPLIST_FILE = ShapesOnAPhone2Tests/Info.plist;
				LD_RUNPATH_SEARCH_PATHS = "$(inherited) @executable_path/Frameworks @loader_path/Frameworks";
				PRODUCT_BUNDLE_IDENTIFIER = "com.ericjknapp.$(PRODUCT_NAME:rfc1034identifier)";
				PRODUCT_NAME = "$(TARGET_NAME)";
				TEST_HOST = "$(BUILT_PRODUCTS_DIR)/ShapesOnAPhone2.app/ShapesOnAPhone2";
			};
			name = Release;
		};
/* End XCBuildConfiguration section */

/* Begin XCConfigurationList section */
		9F5E82F61A0ED97A0005AE30 /* Build configuration list for PBXProject "ShapesOnAPhone2" */ = {
			isa = XCConfigurationList;
			buildConfigurations = (
				9F5E83181A0ED97A0005AE30 /* Debug */,
				9F5E83191A0ED97A0005AE30 /* Release */,
			);
			defaultConfigurationIsVisible = 0;
			defaultConfigurationName = Release;
		};
		9F5E831A1A0ED97A0005AE30 /* Build configuration list for PBXNativeTarget "ShapesOnAPhone2" */ = {
			isa = XCConfigurationList;
			buildConfigurations = (
				9F5E831B1A0ED97A0005AE30 /* Debug */,
				9F5E831C1A0ED97A0005AE30 /* Release */,
			);
			defaultConfigurationIsVisible = 0;
			defaultConfigurationName = Release;
		};
		9F5E831D1A0ED97A0005AE30 /* Build configuration list for PBXNativeTarget "ShapesOnAPhone2Tests" */ = {
			isa = XCConfigurationList;
			buildConfigurations = (
				9F5E831E1A0ED97A0005AE30 /* Debug */,
				9F5E831F1A0ED97A0005AE30 /* Release */,
			);
			defaultConfigurationIsVisible = 0;
			defaultConfigurationName = Release;
		};
/* End XCConfigurationList section */
	};
	rootObject = 9F5E82F31A0ED97A0005AE30 /* Project object */;
}
